
Microsoft Visual Studio Solution File, Format Version 12.00
Project("{FAE04EC0-301F-11D3-BF4B-00C04F79EFBC}") = "SteamDb", "SteamDb\SteamDb.csproj", "{FE05F4CA-9E48-4BB6-B172-5185419DB954}"
EndProject
Global
	GlobalSection(SolutionConfigurationPlatforms) = preSolution
		Debug|Any CPU = Debug|Any CPU
		Release|Any CPU = Release|Any CPU
	EndGlobalSection
	GlobalSection(ProjectConfigurationPlatforms) = postSolution
		{FE05F4CA-9E48-4BB6-B172-5185419DB954}.Debug|Any CPU.ActiveCfg = Debug|Any CPU
		{FE05F4CA-9E48-4BB6-B172-5185419DB954}.Debug|Any CPU.Build.0 = Debug|Any CPU
		{FE05F4CA-9E48-4BB6-B172-5185419DB954}.Release|Any CPU.ActiveCfg = Release|Any CPU
		{FE05F4CA-9E48-4BB6-B172-5185419DB954}.Release|Any CPU.Build.0 = Release|Any CPU
	EndGlobalSection
EndGlobal
